
Microsoft Visual Studio Solution File, Format Version 12.00
# Visual Studio Version 17
VisualStudioVersion = 17.7.34221.43
MinimumVisualStudioVersion = 10.0.40219.1
Project("{FAE04EC0-301F-11D3-BF4B-00C04F79EFBC}") = "MatFunctions", "MatFunctions\MatFunctions.csproj", "{E47E949A-59C8-4427-93C8-B9476C66A38D}"
EndProject
Global
	GlobalSection(SolutionConfigurationPlatforms) = preSolution
		Debug|Any CPU = Debug|Any CPU
		Release|Any CPU = Release|Any CPU
	EndGlobalSection
	GlobalSection(ProjectConfigurationPlatforms) = postSolution
		{E47E949A-59C8-4427-93C8-B9476C66A38D}.Debug|Any CPU.ActiveCfg = Debug|Any CPU
		{E47E949A-59C8-4427-93C8-B9476C66A38D}.Debug|Any CPU.Build.0 = Debug|Any CPU
		{E47E949A-59C8-4427-93C8-B9476C66A38D}.Release|Any CPU.ActiveCfg = Release|Any CPU
		{E47E949A-59C8-4427-93C8-B9476C66A38D}.Release|Any CPU.Build.0 = Release|Any CPU
	EndGlobalSection
	GlobalSection(SolutionProperties) = preSolution
		HideSolutionNode = FALSE
	EndGlobalSection
	GlobalSection(ExtensibilityGlobals) = postSolution
		SolutionGuid = {F6917569-91BC-4480-BA29-D5EDF1DD3791}
	EndGlobalSection
EndGlobal
