
Microsoft Visual Studio Solution File, Format Version 12.00
# Visual Studio Version 17
VisualStudioVersion = 17.1.32414.318
MinimumVisualStudioVersion = 10.0.40219.1
Project("{FAE04EC0-301F-11D3-BF4B-00C04F79EFBC}") = "TercihRobotu", "TercihRobotu\TercihRobotu.csproj", "{49F5C861-646D-44D3-9A38-580805A13B26}"
EndProject
Global
	GlobalSection(SolutionConfigurationPlatforms) = preSolution
		Debug|Any CPU = Debug|Any CPU
		Release|Any CPU = Release|Any CPU
	EndGlobalSection
	GlobalSection(ProjectConfigurationPlatforms) = postSolution
		{49F5C861-646D-44D3-9A38-580805A13B26}.Debug|Any CPU.ActiveCfg = Debug|Any CPU
		{49F5C861-646D-44D3-9A38-580805A13B26}.Debug|Any CPU.Build.0 = Debug|Any CPU
		{49F5C861-646D-44D3-9A38-580805A13B26}.Release|Any CPU.ActiveCfg = Release|Any CPU
		{49F5C861-646D-44D3-9A38-580805A13B26}.Release|Any CPU.Build.0 = Release|Any CPU
	EndGlobalSection
	GlobalSection(SolutionProperties) = preSolution
		HideSolutionNode = FALSE
	EndGlobalSection
	GlobalSection(ExtensibilityGlobals) = postSolution
		SolutionGuid = {C41FCB83-EC78-4862-B682-2C0C32CA67BC}
	EndGlobalSection
EndGlobal
