
Microsoft Visual Studio Solution File, Format Version 12.00
# Visual Studio Version 17
VisualStudioVersion = 17.9.34723.18
MinimumVisualStudioVersion = 10.0.40219.1
Project("{FAE04EC0-301F-11D3-BF4B-00C04F79EFBC}") = "FormsApp4", "FormsApp4\FormsApp4.csproj", "{B140C1CD-EBBE-4427-B418-F9322CF72B56}"
EndProject
Global
	GlobalSection(SolutionConfigurationPlatforms) = preSolution
		Debug|Any CPU = Debug|Any CPU
		Release|Any CPU = Release|Any CPU
	EndGlobalSection
	GlobalSection(ProjectConfigurationPlatforms) = postSolution
		{B140C1CD-EBBE-4427-B418-F9322CF72B56}.Debug|Any CPU.ActiveCfg = Debug|Any CPU
		{B140C1CD-EBBE-4427-B418-F9322CF72B56}.Debug|Any CPU.Build.0 = Debug|Any CPU
		{B140C1CD-EBBE-4427-B418-F9322CF72B56}.Release|Any CPU.ActiveCfg = Release|Any CPU
		{B140C1CD-EBBE-4427-B418-F9322CF72B56}.Release|Any CPU.Build.0 = Release|Any CPU
	EndGlobalSection
	GlobalSection(SolutionProperties) = preSolution
		HideSolutionNode = FALSE
	EndGlobalSection
	GlobalSection(ExtensibilityGlobals) = postSolution
		SolutionGuid = {45E11440-9FA9-471A-AA13-2C4EA9C91C67}
	EndGlobalSection
EndGlobal
